
Microsoft Visual Studio Solution File, Format Version 12.00
# Visual Studio Version 17
VisualStudioVersion = 17.6.33829.357
MinimumVisualStudioVersion = 10.0.40219.1
Project("{9A19103F-16F7-4668-BE54-9A1E7A4F7556}") = "Perfmormance_Cat_Shelter", "Perormance_Test_Khajiit\Perfmormance_Cat_Shelter.csproj", "{01614402-A621-4C51-878F-D7A30DEEEE43}"
EndProject
Global
	GlobalSection(SolutionConfigurationPlatforms) = preSolution
		Debug|Any CPU = Debug|Any CPU
		Release|Any CPU = Release|Any CPU
	EndGlobalSection
	GlobalSection(ProjectConfigurationPlatforms) = postSolution
		{01614402-A621-4C51-878F-D7A30DEEEE43}.Debug|Any CPU.ActiveCfg = Debug|Any CPU
		{01614402-A621-4C51-878F-D7A30DEEEE43}.Debug|Any CPU.Build.0 = Debug|Any CPU
		{01614402-A621-4C51-878F-D7A30DEEEE43}.Release|Any CPU.ActiveCfg = Release|Any CPU
		{01614402-A621-4C51-878F-D7A30DEEEE43}.Release|Any CPU.Build.0 = Release|Any CPU
	EndGlobalSection
	GlobalSection(SolutionProperties) = preSolution
		HideSolutionNode = FALSE
	EndGlobalSection
	GlobalSection(ExtensibilityGlobals) = postSolution
		SolutionGuid = {8847F83F-8775-467E-BBE5-F926BD63997A}
	EndGlobalSection
EndGlobal
